
Microsoft Visual Studio Solution File, Format Version 12.00
# Visual Studio 15
Project("{FAE04EC0-301F-11D3-BF4B-00C04F79EFBC}") = "Assembly-CSharp", "Assembly-CSharp.csproj", "{B669F389-6E67-8A6F-0491-B6B717B65403}"
EndProject
Project("{FAE04EC0-301F-11D3-BF4B-00C04F79EFBC}") = "Assembly-CSharp-Editor", "Assembly-CSharp-Editor.csproj", "{90822E35-6167-01D7-AECB-5C7A17C8E27C}"
EndProject
Global
	GlobalSection(SolutionConfigurationPlatforms) = preSolution
		Debug|Any CPU = Debug|Any CPU
		Release|Any CPU = Release|Any CPU
	EndGlobalSection
	GlobalSection(ProjectConfigurationPlatforms) = postSolution
		{B669F389-6E67-8A6F-0491-B6B717B65403}.Debug|Any CPU.ActiveCfg = Debug|Any CPU
		{B669F389-6E67-8A6F-0491-B6B717B65403}.Debug|Any CPU.Build.0 = Debug|Any CPU
		{B669F389-6E67-8A6F-0491-B6B717B65403}.Release|Any CPU.ActiveCfg = Release|Any CPU
		{B669F389-6E67-8A6F-0491-B6B717B65403}.Release|Any CPU.Build.0 = Release|Any CPU
		{90822E35-6167-01D7-AECB-5C7A17C8E27C}.Debug|Any CPU.ActiveCfg = Debug|Any CPU
		{90822E35-6167-01D7-AECB-5C7A17C8E27C}.Debug|Any CPU.Build.0 = Debug|Any CPU
		{90822E35-6167-01D7-AECB-5C7A17C8E27C}.Release|Any CPU.ActiveCfg = Release|Any CPU
		{90822E35-6167-01D7-AECB-5C7A17C8E27C}.Release|Any CPU.Build.0 = Release|Any CPU
	EndGlobalSection
	GlobalSection(SolutionProperties) = preSolution
		HideSolutionNode = FALSE
	EndGlobalSection
EndGlobal
